
Microsoft Visual Studio Solution File, Format Version 12.00
# Visual Studio 15
VisualStudioVersion = 15.0.33529.398
MinimumVisualStudioVersion = 10.0.40219.1
Project("{FAE04EC0-301F-11D3-BF4B-00C04F79EFBC}") = "VICMAPI", "WebApplication2\VICMAPI.csproj", "{3E6AB047-9491-4AA8-906B-6A029FB53FF6}"
EndProject
Global
	GlobalSection(SolutionConfigurationPlatforms) = preSolution
		Debug|Any CPU = Debug|Any CPU
		Release|Any CPU = Release|Any CPU
	EndGlobalSection
	GlobalSection(ProjectConfigurationPlatforms) = postSolution
		{3E6AB047-9491-4AA8-906B-6A029FB53FF6}.Debug|Any CPU.ActiveCfg = Debug|Any CPU
		{3E6AB047-9491-4AA8-906B-6A029FB53FF6}.Debug|Any CPU.Build.0 = Debug|Any CPU
		{3E6AB047-9491-4AA8-906B-6A029FB53FF6}.Release|Any CPU.ActiveCfg = Release|Any CPU
		{3E6AB047-9491-4AA8-906B-6A029FB53FF6}.Release|Any CPU.Build.0 = Release|Any CPU
	EndGlobalSection
	GlobalSection(SolutionProperties) = preSolution
		HideSolutionNode = FALSE
	EndGlobalSection
	GlobalSection(ExtensibilityGlobals) = postSolution
		SolutionGuid = {540F942A-7C20-46E4-9F8A-13D6011BAB30}
	EndGlobalSection
EndGlobal
